# THIS IS AN AUTOGENERATED FILE. DO NOT EDIT THIS FILE DIRECTLY.
# yarn lockfile v1


async-exit-hook@^2.0.1:
  version "2.0.1"
  resolved "https://registry.yarnpkg.com/async-exit-hook/-/async-exit-hook-2.0.1.tgz#8bd8b024b0ec9b1c01cccb9af9db29bd717dfaf3"
  integrity sha512-NW2cX8m1Q7KPA7a5M2ULQeZ2wR5qI5PAbw5L0UOMxdioVk9PMZ0h1TmyZEkPYrCvYjDlFICusOu1dlEKAAeXBw==

dotenv@^17.3.1:
  version "17.3.1"
  resolved "https://registry.yarnpkg.com/dotenv/-/dotenv-17.3.1.tgz#2706f5b0165e45a1503348187b8468f87fe6aae2"
  integrity sha512-IO8C/dzEb6O3F9/twg6ZLXz164a2fhTnEWb95H23Dm4OuN+92NmEAlTrupP9VW6Jm3sO26tQlqyvyi4CsnY9GA==
